
Microsoft Visual Studio Solution File, Format Version 12.00
# Visual Studio Version 17
VisualStudioVersion = 17.4.33110.190
MinimumVisualStudioVersion = 10.0.40219.1
Project("{FAE04EC0-301F-11D3-BF4B-00C04F79EFBC}") = "TryCICD", "TryCICD\TryCICD.csproj", "{BC80D95C-A637-4ABA-BE20-C81F4756889D}"
EndProject
Global
	GlobalSection(SolutionConfigurationPlatforms) = preSolution
		Debug|Any CPU = Debug|Any CPU
		Release|Any CPU = Release|Any CPU
	EndGlobalSection
	GlobalSection(ProjectConfigurationPlatforms) = postSolution
		{BC80D95C-A637-4ABA-BE20-C81F4756889D}.Debug|Any CPU.ActiveCfg = Debug|Any CPU
		{BC80D95C-A637-4ABA-BE20-C81F4756889D}.Debug|Any CPU.Build.0 = Debug|Any CPU
		{BC80D95C-A637-4ABA-BE20-C81F4756889D}.Release|Any CPU.ActiveCfg = Release|Any CPU
		{BC80D95C-A637-4ABA-BE20-C81F4756889D}.Release|Any CPU.Build.0 = Release|Any CPU
	EndGlobalSection
	GlobalSection(SolutionProperties) = preSolution
		HideSolutionNode = FALSE
	EndGlobalSection
	GlobalSection(ExtensibilityGlobals) = postSolution
		SolutionGuid = {51424893-D916-4BE7-AD24-B4198E0445AC}
	EndGlobalSection
EndGlobal
